PODS:
  - Flutter (1.0.0)
  - integration_test (0.0.1):
    - Flutter
  - notify_pilot (1.0.0):
    - Flutter

DEPENDENCIES:
  - Flutter (from `Flutter`)
  - integration_test (from `.symlinks/plugins/integration_test/ios`)
  - notify_pilot (from `.symlinks/plugins/notify_pilot/ios`)

EXTERNAL SOURCES:
  Flutter:
    :path: Flutter
  integration_test:
    :path: ".symlinks/plugins/integration_test/ios"
  notify_pilot:
    :path: ".symlinks/plugins/notify_pilot/ios"

SPEC CHECKSUMS:
  Flutter: cabc95a1d2626b1b06e7179b784ebcf0c0cde467
  integration_test: 4a889634ef21a45d28d50d622cf412dc6d9f586e
  notify_pilot: 719b34a0a72b0253e51eae2d77542f2db5a1633b

PODFILE CHECKSUM: 3c63482e143d1b91d2d2560aee9fb04ecc74ac7e

COCOAPODS: 1.16.2
